<Solution>
  <Folder Name="/.github/">
    <File Path=".github/instruction.md" />
  </Folder>
  <Folder Name="/specs/">
    <File Path="specs/requirements-linebot-settings-decrypt.md" />
    <File Path="specs/requirements-startup-healthcheck.md" />
  </Folder>
  <Folder Name="/src/">
    <Project Path="src/WouldYouRather.Api/WouldYouRather.Api.csproj" />
    <Project Path="src/WouldYouRather.Application/WouldYouRather.Application.csproj" />
    <Project Path="src/WouldYouRather.Domain/WouldYouRather.Domain.csproj" />
    <Project Path="src/WouldYouRather.Infrastructure/WouldYouRather.Infrastructure.csproj" />
  </Folder>
  <Folder Name="/toolkits/">
    <File Path="toolkits/Aes256CryptoLib.dll" />
  </Folder>
  <Folder Name="/方案項目/">
    <File Path="agent.md" />
    <File Path="Dockerfile" />
    <File Path="README.md" />
  </Folder>
</Solution>
