<Solution>
  <Folder Name="/.github/">
    <File Path=".github/instruction.md" />
  </Folder>
  <Folder Name="/specs/">
    <File Path="specs/requirements-linebot-settings-decrypt.md" />
    <File Path="specs/requirements-startup-healthcheck.md" />
  </Folder>
  <Folder Name="/src/">
    <Project Path="src/WouldYouRather.Api/WouldYouRather.Api.csproj" />
  </Folder>
  <Folder Name="/方案項目/">
    <File Path="agent.md" />
    <File Path="Dockerfile" />
  </Folder>
</Solution>
